{
  "pins" : [
    {
      "identity" : "softwareetudes",
      "kind" : "remoteSourceControl",
      "location" : "https://github.com/tuparev/SoftwareEtudes",
      "state" : {
        "branch" : "dev",
        "revision" : "1932896593a7b7e17d5ccfe755b9621bba101892"
      }
    }
  ],
  "version" : 2
}
