{
  "pins" : [
    {
      "identity" : "softwareetudes",
      "kind" : "remoteSourceControl",
      "location" : "https://github.com/tuparev/SoftwareEtudes",
      "state" : {
        "branch" : "dev",
        "revision" : "10866b7bcbfe6a7a47d2e95c0123b30d2a783900"
      }
    }
  ],
  "version" : 2
}
